
Microsoft Visual Studio Solution File, Format Version 12.00
# Visual Studio 15
VisualStudioVersion = 15.0.27130.0
MinimumVisualStudioVersion = 10.0.40219.1
Project("{FAE04EC0-301F-11D3-BF4B-00C04F79EFBC}") = "Module One Assignment", "Module One Assignment\Module One Assignment.csproj", "{36E3FFA0-A508-476E-BB95-151AC4F32A3D}"
EndProject
Global
		Debug|Any CPU = Debug|Any CPU
		Release|Any CPU = Release|Any CPU
	EndGlobalSection
	GlobalSection(ProjectConfigurationPlatforms) = postSolution
		{36E3FFA0-A508-476E-BB95-151AC4F32A3D}.Debug|Any CPU.ActiveCfg = Debug|Any CPU
		{36E3FFA0-A508-476E-BB95-151AC4F32A3D}.Debug|Any CPU.Build.0 = Debug|Any CPU
		{36E3FFA0-A508-476E-BB95-151AC4F32A3D}.Release|Any CPU.ActiveCfg = Release|Any CPU
		{36E3FFA0-A508-476E-BB95-151AC4F32A3D}.Release|Any CPU.Build.0 = Release|Any CPU
	EndGlobalSection
	GlobalSection(SolutionProperties) = preSolution
		HideSolutionNode = FALSE
	EndGlobalSection
	GlobalSection(ExtensibilityGlobals) = postSolution
		SolutionGuid = {E9F25BB7-B142-4592-9A42-B92F015B9C5E}
	EndGlobalSection
EndGlobal
